// !$*UTF8*$!
{
	archiveVersion = 1;
	classes = {
	};
	objectVersion = 46;
	objects = {

/* Begin PBXBuildFile section */
		7AEE39CB1CE6FAD900FB7093 /* Sympathy.xcscheme in Resources */ = {isa = PBXBuildFile; fileRef = 7AEE39CA1CE6FAD900FB7093 /* Sympathy.xcscheme */; };
		7AEE39CE1CE6FAD900FB7093 /* Sympathy.m in Sources */ = {isa = PBXBuildFile; fileRef = 7AEE39CD1CE6FAD900FB7093 /* Sympathy.m */; };
/* End PBXBuildFile section */

/* Begin PBXFileReference section */
		7AEE39C61CE6FAD900FB7093 /* Sympathy.xcplugin */ = {isa = PBXFileReference; explicitFileType = wrapper.cfbundle; includeInIndex = 0; path = Sympathy.xcplugin; sourceTree = BUILT_PRODUCTS_DIR; };
		7AEE39CA1CE6FAD900FB7093 /* Sympathy.xcscheme */ = {isa = PBXFileReference; lastKnownFileType = text.xml; name = Sympathy.xcscheme; path = Sympathy.xcodeproj/xcshareddata/xcschemes/Sympathy.xcscheme; sourceTree = SOURCE_ROOT; };
		7AEE39CC1CE6FAD900FB7093 /* Sympathy.h */ = {isa = PBXFileReference; lastKnownFileType = sourcecode.c.h; path = Sympathy.h; sourceTree = "<group>"; };
		7AEE39CD1CE6FAD900FB7093 /* Sympathy.m */ = {isa = PBXFileReference; lastKnownFileType = sourcecode.c.objc; path = Sympathy.m; sourceTree = "<group>"; };
		7AEE39CF1CE6FAD900FB7093 /* Info.plist */ = {isa = PBXFileReference; lastKnownFileType = text.plist.xml; path = Info.plist; sourceTree = "<group>"; };
/* End PBXFileReference section */

/* Begin PBXGroup section */
		7AEE39BE1CE6FAD900FB7093 = {
			isa = PBXGroup;
			children = (
				7AEE39C81CE6FAD900FB7093 /* Sympathy */,
				7AEE39C71CE6FAD900FB7093 /* Products */,
			);
			sourceTree = "<group>";
		};
		7AEE39C71CE6FAD900FB7093 /* Products */ = {
			isa = PBXGroup;
			children = (
				7AEE39C61CE6FAD900FB7093 /* Sympathy.xcplugin */,
			);
			name = Products;
			sourceTree = "<group>";
		};
		7AEE39C81CE6FAD900FB7093 /* Sympathy */ = {
			isa = PBXGroup;
			children = (
				7AEE39CC1CE6FAD900FB7093 /* Sympathy.h */,
				7AEE39CD1CE6FAD900FB7093 /* Sympathy.m */,
				7AEE39CF1CE6FAD900FB7093 /* Info.plist */,
				7AEE39C91CE6FAD900FB7093 /* Supporting Files */,
			);
			path = Sympathy;
			sourceTree = "<group>";
		};
		7AEE39C91CE6FAD900FB7093 /* Supporting Files */ = {
			isa = PBXGroup;
			children = (
				7AEE39CA1CE6FAD900FB7093 /* Sympathy.xcscheme */,
			);
			name = "Supporting Files";
			sourceTree = "<group>";
		};
/* End PBXGroup section */

/* Begin PBXNativeTarget section */
		7AEE39C51CE6FAD900FB7093 /* Sympathy */ = {
			isa = PBXNativeTarget;
			buildConfigurationList = 7AEE39D21CE6FAD900FB7093 /* Build configuration list for PBXNativeTarget "Sympathy" */;
			buildPhases = (
				7AEE39C31CE6FAD900FB7093 /* Sources */,
				7AEE39C41CE6FAD900FB7093 /* Resources */,
			);
			buildRules = (
			);
			dependencies = (
			);
			name = Sympathy;
			productName = Sympathy;
			productReference = 7AEE39C61CE6FAD900FB7093 /* Sympathy.xcplugin */;
			productType = "com.apple.product-type.bundle";
		};
/* End PBXNativeTarget section */

/* Begin PBXProject section */
		7AEE39BF1CE6FAD900FB7093 /* Project object */ = {
			isa = PBXProject;
			attributes = {
				LastUpgradeCheck = 0730;
				ORGANIZATIONNAME = net.maushara;
				TargetAttributes = {
					7AEE39C51CE6FAD900FB7093 = {
						CreatedOnToolsVersion = 7.3;
					};
				};
			};
			buildConfigurationList = 7AEE39C21CE6FAD900FB7093 /* Build configuration list for PBXProject "Sympathy" */;
			compatibilityVersion = "Xcode 3.2";
			developmentRegion = English;
			hasScannedForEncodings = 0;
			knownRegions = (
				en,
			);
			mainGroup = 7AEE39BE1CE6FAD900FB7093;
			productRefGroup = 7AEE39C71CE6FAD900FB7093 /* Products */;
			projectDirPath = "";
			projectRoot = "";
			targets = (
				7AEE39C51CE6FAD900FB7093 /* Sympathy */,
			);
		};
/* End PBXProject section */

/* Begin PBXResourcesBuildPhase section */
		7AEE39C41CE6FAD900FB7093 /* Resources */ = {
			isa = PBXResourcesBuildPhase;
			buildActionMask = 2147483647;
			files = (
				7AEE39CB1CE6FAD900FB7093 /* Sympathy.xcscheme in Resources */,
			);
			runOnlyForDeploymentPostprocessing = 0;
		};
/* End PBXResourcesBuildPhase section */

/* Begin PBXSourcesBuildPhase section */
		7AEE39C31CE6FAD900FB7093 /* Sources */ = {
			isa = PBXSourcesBuildPhase;
			buildActionMask = 2147483647;
			files = (
				7AEE39CE1CE6FAD900FB7093 /* Sympathy.m in Sources */,
			);
			runOnlyForDeploymentPostprocessing = 0;
		};
/* End PBXSourcesBuildPhase section */

/* Begin XCBuildConfiguration section */
		7AEE39D01CE6FAD900FB7093 /* Debug */ = {
			isa = XCBuildConfiguration;
			buildSettings = {
				ALWAYS_SEARCH_USER_PATHS = NO;
				CLANG_ANALYZER_NONNULL = YES;
				CLANG_CXX_LANGUAGE_STANDARD = "gnu++0x";
				CLANG_CXX_LIBRARY = "libc++";
				CLANG_ENABLE_MODULES = YES;
				CLANG_ENABLE_OBJC_ARC = YES;
				CLANG_WARN_BOOL_CONVERSION = YES;
				CLANG_WARN_CONSTANT_CONVERSION = YES;
				CLANG_WARN_DIRECT_OBJC_ISA_USAGE = YES_ERROR;
				CLANG_WARN_EMPTY_BODY = YES;
				CLANG_WARN_ENUM_CONVERSION = YES;
				CLANG_WARN_INT_CONVERSION = YES;
				CLANG_WARN_OBJC_ROOT_CLASS = YES_ERROR;
				CLANG_WARN_UNREACHABLE_CODE = YES;
				CLANG_WARN__DUPLICATE_METHOD_MATCH = YES;
				CODE_SIGN_IDENTITY = "-";
				COPY_PHASE_STRIP = NO;
				DEBUG_INFORMATION_FORMAT = dwarf;
				ENABLE_STRICT_OBJC_MSGSEND = YES;
				ENABLE_TESTABILITY = YES;
				GCC_C_LANGUAGE_STANDARD = gnu99;
				GCC_DYNAMIC_NO_PIC = NO;
				GCC_NO_COMMON_BLOCKS = YES;
				GCC_OPTIMIZATION_LEVEL = 0;
				GCC_PREPROCESSOR_DEFINITIONS = (
					"DEBUG=1",
					"$(inherited)",
				);
				GCC_WARN_64_TO_32_BIT_CONVERSION = YES;
				GCC_WARN_ABOUT_RETURN_TYPE = YES_ERROR;
				GCC_WARN_UNDECLARED_SELECTOR = YES;
				GCC_WARN_UNINITIALIZED_AUTOS = YES_AGGRESSIVE;
				GCC_WARN_UNUSED_FUNCTION = YES;
				GCC_WARN_UNUSED_VARIABLE = YES;
				MACOSX_DEPLOYMENT_TARGET = 10.11;
				MTL_ENABLE_DEBUG_INFO = YES;
				ONLY_ACTIVE_ARCH = YES;
				SDKROOT = macosx;
			};
			name = Debug;
		};
		7AEE39D11CE6FAD900FB7093 /* Release */ = {
			isa = XCBuildConfiguration;
			buildSettings = {
				ALWAYS_SEARCH_USER_PATHS = NO;
				CLANG_ANALYZER_NONNULL = YES;
				CLANG_CXX_LANGUAGE_STANDARD = "gnu++0x";
				CLANG_CXX_LIBRARY = "libc++";
				CLANG_ENABLE_MODULES = YES;
				CLANG_ENABLE_OBJC_ARC = YES;
				CLANG_WARN_BOOL_CONVERSION = YES;
				CLANG_WARN_CONSTANT_CONVERSION = YES;
				CLANG_WARN_DIRECT_OBJC_ISA_USAGE = YES_ERROR;
				CLANG_WARN_EMPTY_BODY = YES;
				CLANG_WARN_ENUM_CONVERSION = YES;
				CLANG_WARN_INT_CONVERSION = YES;
				CLANG_WARN_OBJC_ROOT_CLASS = YES_ERROR;
				CLANG_WARN_UNREACHABLE_CODE = YES;
				CLANG_WARN__DUPLICATE_METHOD_MATCH = YES;
				CODE_SIGN_IDENTITY = "-";
				COPY_PHASE_STRIP = NO;
				DEBUG_INFORMATION_FORMAT = "dwarf-with-dsym";
				ENABLE_NS_ASSERTIONS = NO;
				ENABLE_STRICT_OBJC_MSGSEND = YES;
				GCC_C_LANGUAGE_STANDARD = gnu99;
				GCC_NO_COMMON_BLOCKS = YES;
				GCC_WARN_64_TO_32_BIT_CONVERSION = YES;
				GCC_WARN_ABOUT_RETURN_TYPE = YES_ERROR;
				GCC_WARN_UNDECLARED_SELECTOR = YES;
				GCC_WARN_UNINITIALIZED_AUTOS = YES_AGGRESSIVE;
				GCC_WARN_UNUSED_FUNCTION = YES;
				GCC_WARN_UNUSED_VARIABLE = YES;
				MACOSX_DEPLOYMENT_TARGET = 10.11;
				MTL_ENABLE_DEBUG_INFO = NO;
				SDKROOT = macosx;
			};
			name = Release;
		};
		7AEE39D31CE6FAD900FB7093 /* Debug */ = {
			isa = XCBuildConfiguration;
			buildSettings = {
				COMBINE_HIDPI_IMAGES = YES;
				DEPLOYMENT_LOCATION = YES;
				DSTROOT = "$(HOME)";
				INFOPLIST_FILE = Sympathy/Info.plist;
				INSTALL_PATH = "/Library/Application Support/Developer/Shared/Xcode/Plug-ins";
				PRODUCT_BUNDLE_IDENTIFIER = net.masuhara.Sympathy;
				PRODUCT_NAME = "$(TARGET_NAME)";
				WRAPPER_EXTENSION = xcplugin;
			};
			name = Debug;
		};
		7AEE39D41CE6FAD900FB7093 /* Release */ = {
			isa = XCBuildConfiguration;
			buildSettings = {
				COMBINE_HIDPI_IMAGES = YES;
				DEPLOYMENT_LOCATION = YES;
				DSTROOT = "$(HOME)";
				INFOPLIST_FILE = Sympathy/Info.plist;
				INSTALL_PATH = "/Library/Application Support/Developer/Shared/Xcode/Plug-ins";
				PRODUCT_BUNDLE_IDENTIFIER = net.masuhara.Sympathy;
				PRODUCT_NAME = "$(TARGET_NAME)";
				WRAPPER_EXTENSION = xcplugin;
			};
			name = Release;
		};
/* End XCBuildConfiguration section */

/* Begin XCConfigurationList section */
		7AEE39C21CE6FAD900FB7093 /* Build configuration list for PBXProject "Sympathy" */ = {
			isa = XCConfigurationList;
			buildConfigurations = (
				7AEE39D01CE6FAD900FB7093 /* Debug */,
				7AEE39D11CE6FAD900FB7093 /* Release */,
			);
			defaultConfigurationIsVisible = 0;
			defaultConfigurationName = Release;
		};
		7AEE39D21CE6FAD900FB7093 /* Build configuration list for PBXNativeTarget "Sympathy" */ = {
			isa = XCConfigurationList;
			buildConfigurations = (
				7AEE39D31CE6FAD900FB7093 /* Debug */,
				7AEE39D41CE6FAD900FB7093 /* Release */,
			);
			defaultConfigurationIsVisible = 0;
		};
/* End XCConfigurationList section */
	};
	rootObject = 7AEE39BF1CE6FAD900FB7093 /* Project object */;
}
